<?xml version="1.0" encoding="utf-8"?>
<Project xmlns="http://schemas.microsoft.com/developer/msbuild/2003" ToolsVersion="4.0">
  <ItemGroup>
    <Filter Include="Header Files">
      <UniqueIdentifier>{4D1BFFCC-9CEB-4ABF-A951-582870FE71FD}</UniqueIdentifier>
      <Extensions>h;hpp;hxx;hm;inl;inc;xsd</Extensions>
    </Filter>
    <Filter Include="Header Files\TouchGFX">
      <UniqueIdentifier>{29C60541-803D-4F43-8683-028D9DA5E0CB}</UniqueIdentifier>
    </Filter>
    <Filter Include="Header Files\TouchGFX\common">
      <UniqueIdentifier>{AF2BF67C-89EC-4545-B0D2-5BD6803628D4}</UniqueIdentifier>
    </Filter>
    <Filter Include="Header Files\TouchGFX\mvp">
      <UniqueIdentifier>{A8F51E02-A400-49F1-AC86-371872A7E5E6}</UniqueIdentifier>
    </Filter>
    <Filter Include="Header Files\TouchGFX\platform">
      <UniqueIdentifier>{493CF637-721C-4516-8638-3EE4790FB455}</UniqueIdentifier>
    </Filter>
    <Filter Include="Header Files\TouchGFX\touchgfx">
      <UniqueIdentifier>{7187028B-6482-4EB3-8556-EECD38E0636B}</UniqueIdentifier>
    </Filter>
    <Filter Include="Header Files\TouchGFX\platform\driver">
      <UniqueIdentifier>{D2E6B448-6B79-434F-A8EB-C8F8415957E9}</UniqueIdentifier>
    </Filter>
    <Filter Include="Header Files\TouchGFX\platform\hal">
      <UniqueIdentifier>{07737357-9365-4A8F-B2F6-908B5FC4E808}</UniqueIdentifier>
    </Filter>
    <Filter Include="Header Files\TouchGFX\touchgfx\canvas_widget_renderer">
      <UniqueIdentifier>{085B248B-6BE1-4BF8-9913-35526BAEE4C7}</UniqueIdentifier>
    </Filter>
    <Filter Include="Header Files\TouchGFX\touchgfx\containers">
      <UniqueIdentifier>{E08C6B18-2F0E-4861-87D5-80FB0411017E}</UniqueIdentifier>
    </Filter>
    <Filter Include="Header Files\TouchGFX\touchgfx\events">
      <UniqueIdentifier>{29D72404-E5CB-472C-B00F-3784DF3CCD1E}</UniqueIdentifier>
    </Filter>
    <Filter Include="Header Files\TouchGFX\touchgfx\hal">
      <UniqueIdentifier>{09561B72-532B-45EB-8E32-CAA31C349F83}</UniqueIdentifier>
    </Filter>
    <Filter Include="Header Files\TouchGFX\touchgfx\lcd">
      <UniqueIdentifier>{A89B6308-CBC1-48EC-BF14-B3C6106FACCE}</UniqueIdentifier>
    </Filter>
    <Filter Include="Header Files\TouchGFX\touchgfx\mixins">
      <UniqueIdentifier>{DB82A963-BE52-4494-BD5E-358C5E79C081}</UniqueIdentifier>
    </Filter>
    <Filter Include="Header Files\TouchGFX\touchgfx\transforms">
      <UniqueIdentifier>{509E01BB-FBF4-4198-B748-936C1B67839A}</UniqueIdentifier>
    </Filter>
    <Filter Include="Header Files\TouchGFX\touchgfx\transitions">
      <UniqueIdentifier>{3F023E56-225A-4D4C-9D20-74447A23BAD9}</UniqueIdentifier>
    </Filter>
    <Filter Include="Header Files\TouchGFX\touchgfx\widgets">
      <UniqueIdentifier>{0E9A8FD3-B71B-46B9-B1F6-3A18292FFAC4}</UniqueIdentifier>
    </Filter>
    <Filter Include="Header Files\TouchGFX\platform\driver\lcd">
      <UniqueIdentifier>{9B32A742-EBA9-4EBA-832E-0421D7E68BC5}</UniqueIdentifier>
    </Filter>
    <Filter Include="Header Files\TouchGFX\platform\driver\touch">
      <UniqueIdentifier>{8C31441B-2191-4B32-869D-7B253AECB28F}</UniqueIdentifier>
    </Filter>
    <Filter Include="Header Files\TouchGFX\platform\hal\simulator">
      <UniqueIdentifier>{464CC9FB-AFF6-4FFA-B4D8-BCAC4B2B8898}</UniqueIdentifier>
    </Filter>
    <Filter Include="Header Files\TouchGFX\touchgfx\containers\clock">
      <UniqueIdentifier>{B7237C13-DD69-4F78-8446-9A554431E3F8}</UniqueIdentifier>
    </Filter>
    <Filter Include="Header Files\TouchGFX\touchgfx\containers\progress_indicators">
      <UniqueIdentifier>{5E0E884F-0059-4306-94BA-3197219750E3}</UniqueIdentifier>
    </Filter>
    <Filter Include="Header Files\TouchGFX\touchgfx\widgets\canvas">
      <UniqueIdentifier>{DBFF640A-BD63-40BC-A0A5-2468BC461037}</UniqueIdentifier>
    </Filter>
    <Filter Include="Header Files\TouchGFX\platform\hal\simulator\sdl2">
      <UniqueIdentifier>{EA3962C0-553C-4CFD-A89B-A116A9493818}</UniqueIdentifier>
    </Filter>
    <Filter Include="Header Files\generated">
      <UniqueIdentifier>{29C60541-803D-4F44-8783-028D9DA5E0CC}</UniqueIdentifier>
    </Filter>
    <Filter Include="Header Files\generated\simulator">
      <UniqueIdentifier>{29C60541-803D-4F43-8683-028D9DA5E0CC}</UniqueIdentifier>
    </Filter>
    <Filter Include="Resource Files">
      <UniqueIdentifier>{92BBFF14-FBDB-4755-BA47-A830D863D92B}</UniqueIdentifier>
      <Extensions>rc;ico;cur;bmp;dlg;rc2;rct;bin;rgs;gif;jpg;jpeg;jpe;resx;tiff;tif;ttf;otf;bdf;png;wav;xml;props;mfcribbon-ms</Extensions>
    </Filter>
    <Filter Include="Resource Files\assets">
      <UniqueIdentifier>{AF899B0F-78BE-47F9-A912-E92CB9156E40}</UniqueIdentifier>
    </Filter>
    <Filter Include="Resource Files\config">
      <UniqueIdentifier>{29E8A9F8-6504-4625-AB47-671A3F665E51}</UniqueIdentifier>
    </Filter>
    <Filter Include="Resource Files\assets\texts">
      <UniqueIdentifier>{382278FD-2B19-4E89-AE4F-24AF77E7A270}</UniqueIdentifier>
    </Filter>
    <Filter Include="Resource Files\config\msvs">
      <UniqueIdentifier>{C24EAEDB-9A3F-43DC-87FB-C7AC2729A078}</UniqueIdentifier>
    </Filter>
    <Filter Include="Source Files">
      <UniqueIdentifier>{2F3FC0AA-97C4-4366-9939-94A0FF4E028C}</UniqueIdentifier>
      <Extensions>cpp;c;cc;cxx;def;odl;idl;hpj;bat;asm;asmx</Extensions>
    </Filter>
    <Filter Include="Source Files\TouchGFX">
      <UniqueIdentifier>{C07B02A9-A55E-47AA-AD61-59A6AAD754E6}</UniqueIdentifier>
    </Filter>
    <Filter Include="Source Files\TouchGFX\platform">
      <UniqueIdentifier>{33EDC2DB-AF72-480C-92E5-2A2833BCAB6F}</UniqueIdentifier>
    </Filter>
    <Filter Include="Source Files\TouchGFX\platform\driver">
      <UniqueIdentifier>{1D8EFD90-430A-4539-9080-16A38861D20A}</UniqueIdentifier>
    </Filter>
    <Filter Include="Source Files\TouchGFX\platform\hal">
      <UniqueIdentifier>{E8DECBF2-0C8E-4397-8603-3101D6F922D6}</UniqueIdentifier>
    </Filter>
    <Filter Include="Source Files\TouchGFX\platform\driver\touch">
      <UniqueIdentifier>{40F0D55D-79D9-488A-AF83-ADC96179EADF}</UniqueIdentifier>
    </Filter>
    <Filter Include="Source Files\TouchGFX\platform\hal\simulator">
      <UniqueIdentifier>{3FB50DD5-31DA-4042-B7FD-2151C58CDA80}</UniqueIdentifier>
    </Filter>
    <Filter Include="Source Files\TouchGFX\platform\hal\simulator\sdl2">
      <UniqueIdentifier>{B48CB42B-0F9E-4815-BFE1-1ACC1150ED8A}</UniqueIdentifier>
    </Filter>
    <Filter Include="Source Files\simulator">
      <UniqueIdentifier>{C07B03A9-A55E-47AA-AD61-59A6AAD754E6}</UniqueIdentifier>
    </Filter>
    <Filter Include="Source Files\generated">
      <UniqueIdentifier>{C07B02B9-A55E-47AB-AD61-59A6AAD754E6}</UniqueIdentifier>
    </Filter>
    <Filter Include="Source Files\generated\simulator">
      <UniqueIdentifier>{C07B02B9-A55E-47AA-AD61-59A6AAD754E6}</UniqueIdentifier>
    </Filter>
    <Filter Include="Header Files\gui">
      <UniqueIdentifier>9794F316-CC1B-3524-E51E-B0CCA309AA2E</UniqueIdentifier>
    </Filter>
    <Filter Include="Source Files\gui">
      <UniqueIdentifier>536419B0-80B1-B1C1-F980-678926D88654</UniqueIdentifier>
    </Filter>
    <Filter Include="Header Files\gui\model">
      <UniqueIdentifier>E273522A-A68C-7788-C837-1AD513A2F875</UniqueIdentifier>
    </Filter>
    <Filter Include="Source Files\gui\model">
      <UniqueIdentifier>5B77928B-2BF5-CED8-A0E0-E35894D44E40</UniqueIdentifier>
    </Filter>
    <Filter Include="Header Files\generated\gui_generated">
      <UniqueIdentifier>35DDD85D-8AB0-3074-89EE-218BD0A3F0F5</UniqueIdentifier>
    </Filter>
    <Filter Include="Header Files\gui\common">
      <UniqueIdentifier>7081986F-4789-FC76-4A37-3DA40BCE8BB0</UniqueIdentifier>
    </Filter>
    <Filter Include="Source Files\generated\gui_generated">
      <UniqueIdentifier>825B386E-BDE6-3879-E602-2C5AEAC089F5</UniqueIdentifier>
    </Filter>
    <Filter Include="Source Files\gui\common">
      <UniqueIdentifier>AD9B136D-9B72-FB6A-EBC0-8DC7C08CEEF0</UniqueIdentifier>
    </Filter>
    <Filter Include="Header Files\generated\simulator\include">
      <UniqueIdentifier>C7530F31-4229-40A6-4479-60D7FB1044DA</UniqueIdentifier>
    </Filter>
    <Filter Include="Header Files\generated\gui_generated\common">
      <UniqueIdentifier>2654B5CF-CE1D-5348-FF25-5D1C28568077</UniqueIdentifier>
    </Filter>
    <Filter Include="Source Files\generated\gui_generated\common">
      <UniqueIdentifier>B9C00011-CF12-AD91-6FE7-9D6BBCDB44ED</UniqueIdentifier>
    </Filter>
    <Filter Include="Source Files\generated\simulator\video">
      <UniqueIdentifier>82C8B1C6-615F-AB75-40B5-94A1E8A650BB</UniqueIdentifier>
    </Filter>
    <Filter Include="Header Files\generated\simulator\include\simulator">
      <UniqueIdentifier>99E93626-CFD4-1174-161F-B5614CDB0C25</UniqueIdentifier>
    </Filter>
    <Filter Include="Header Files\generated\simulator\include\simulator\video">
      <UniqueIdentifier>65C5D5AF-7A18-B994-C900-0418AAA21747</UniqueIdentifier>
    </Filter>
    <Filter Include="Source Files\gui\screen1_screen">
      <UniqueIdentifier>45DB0E5B-53C4-13DD-3E79-B883B55F2CFD</UniqueIdentifier>
    </Filter>
    <Filter Include="Header Files\gui\screen1_screen">
      <UniqueIdentifier>0938105F-A8F6-B227-2C39-8B4C4BC61BF1</UniqueIdentifier>
    </Filter>
    <Filter Include="Header Files\generated\gui_generated\screen1_screen">
      <UniqueIdentifier>E4A303A3-6659-FD72-A062-1A9D0F3B700E</UniqueIdentifier>
    </Filter>
    <Filter Include="Source Files\generated\gui_generated\screen1_screen">
      <UniqueIdentifier>93901997-67BA-4548-929D-B60DD2F6EEA8</UniqueIdentifier>
    </Filter>
    <Filter Include="Source Files\gui\screenmenu_screen">
      <UniqueIdentifier>CCAF590D-53A4-D3B6-E2DD-88257E3103E2</UniqueIdentifier>
    </Filter>
    <Filter Include="Header Files\gui\screenmenu_screen">
      <UniqueIdentifier>8CD56C63-C6C0-8E20-CC12-AE4AC8500A57</UniqueIdentifier>
    </Filter>
    <Filter Include="Source Files\generated\gui_generated\screenmenu_screen">
      <UniqueIdentifier>29F88CEB-1FAD-5215-1E17-4567B88F3332</UniqueIdentifier>
    </Filter>
    <Filter Include="Header Files\generated\gui_generated\screenmenu_screen">
      <UniqueIdentifier>A49D75DB-6C7A-B5C4-EA23-F01D4553FA9A</UniqueIdentifier>
    </Filter>
    <Filter Include="Source Files\gui\screencurve_screen">
      <UniqueIdentifier>612F9D36-2120-8EAD-0953-A6194E4143E3</UniqueIdentifier>
    </Filter>
    <Filter Include="Header Files\gui\screencurve_screen">
      <UniqueIdentifier>047EFBE5-8227-BBB3-1919-7398AB8489EA</UniqueIdentifier>
    </Filter>
    <Filter Include="Header Files\generated\gui_generated\screencurve_screen">
      <UniqueIdentifier>8B884DC0-EE86-8796-E556-A444A1976C81</UniqueIdentifier>
    </Filter>
    <Filter Include="Source Files\generated\gui_generated\screencurve_screen">
      <UniqueIdentifier>3338000A-E9D0-7DCB-54B3-9F3A3053B800</UniqueIdentifier>
    </Filter>
    <Filter Include="Source Files\gui\screeneffect_screen">
      <UniqueIdentifier>1A7DEA33-8C56-4E74-5927-87878DA8FF54</UniqueIdentifier>
    </Filter>
    <Filter Include="Header Files\gui\screeneffect_screen">
      <UniqueIdentifier>F3AADA0E-44AA-5E8F-F70B-37FF9153BDB5</UniqueIdentifier>
    </Filter>
    <Filter Include="Header Files\generated\gui_generated\screeneffect_screen">
      <UniqueIdentifier>15AAA169-B053-3D2F-8088-03A5F539E7DB</UniqueIdentifier>
    </Filter>
    <Filter Include="Source Files\generated\gui_generated\screeneffect_screen">
      <UniqueIdentifier>7E11A5BF-FFDC-23C1-E7D5-93118B059A09</UniqueIdentifier>
    </Filter>
    <Filter Include="Source Files\gui\screeneffectset_screen">
      <UniqueIdentifier>6253950C-BD34-BA40-82EE-93D3D62575B6</UniqueIdentifier>
    </Filter>
    <Filter Include="Header Files\gui\screeneffectset_screen">
      <UniqueIdentifier>A2EADF2A-93EB-0251-6E0E-02687745490E</UniqueIdentifier>
    </Filter>
    <Filter Include="Header Files\generated\gui_generated\screeneffectset_screen">
      <UniqueIdentifier>B6130444-9CD7-D77A-FE09-B0577EF24283</UniqueIdentifier>
    </Filter>
    <Filter Include="Source Files\generated\gui_generated\screeneffectset_screen">
      <UniqueIdentifier>C30F3320-49B8-8343-58FF-6DDC63323A0F</UniqueIdentifier>
    </Filter>
    <Filter Include="Header Files\gui\screencontrol_screen">
      <UniqueIdentifier>9868FBB7-AD38-A52C-03C3-2C428AB35609</UniqueIdentifier>
    </Filter>
    <Filter Include="Source Files\gui\screencontrol_screen">
      <UniqueIdentifier>2781B8AD-0463-52BB-1855-41D9D219DE54</UniqueIdentifier>
    </Filter>
    <Filter Include="Source Files\gui\screenfan_screen">
      <UniqueIdentifier>AB9BA4E5-8752-95FC-B14F-4C61F04E24D7</UniqueIdentifier>
    </Filter>
    <Filter Include="Header Files\gui\screenfan_screen">
      <UniqueIdentifier>36B6E26A-2479-97AE-5C2E-31F43143C720</UniqueIdentifier>
    </Filter>
    <Filter Include="Source Files\gui\screenlanguage_screen">
      <UniqueIdentifier>2B3B408B-171D-F0A9-23CD-832B61D4AAD6</UniqueIdentifier>
    </Filter>
    <Filter Include="Header Files\gui\screenlanguage_screen">
      <UniqueIdentifier>9CD310AB-652B-6CFC-967C-A3AE65475E50</UniqueIdentifier>
    </Filter>
    <Filter Include="Header Files\gui\screenupdate_screen">
      <UniqueIdentifier>9943A6E9-D1E5-749F-298F-E806F7029627</UniqueIdentifier>
    </Filter>
    <Filter Include="Source Files\gui\screenupdate_screen">
      <UniqueIdentifier>5A2E5675-01A2-56F8-AAE9-D3DFB5AAF34C</UniqueIdentifier>
    </Filter>
    <Filter Include="Source Files\gui\screenbluetooth_screen">
      <UniqueIdentifier>91F1068D-6AE3-1E96-BF20-4FC727316F6D</UniqueIdentifier>
    </Filter>
    <Filter Include="Header Files\gui\screendmx_screen">
      <UniqueIdentifier>12662CE9-C13A-E28F-4EBB-755F6B7471EF</UniqueIdentifier>
    </Filter>
    <Filter Include="Source Files\gui\screendmx_screen">
      <UniqueIdentifier>7588D29D-1644-084B-C6D4-188686EAA5F6</UniqueIdentifier>
    </Filter>
    <Filter Include="Header Files\gui\screenbluetooth_screen">
      <UniqueIdentifier>32B9DD79-4EA8-2670-EB1F-2271AE0F2058</UniqueIdentifier>
    </Filter>
    <Filter Include="Source Files\gui\screenstudio_screen">
      <UniqueIdentifier>8BEB0019-E36E-03DA-ECE1-C7D93DBCD9FB</UniqueIdentifier>
    </Filter>
    <Filter Include="Header Files\gui\screenstudio_screen">
      <UniqueIdentifier>F68F2535-8783-5EED-693A-259C7A57C5FC</UniqueIdentifier>
    </Filter>
    <Filter Include="Source Files\generated\gui_generated\screenstudio_screen">
      <UniqueIdentifier>D4F629CA-0B8E-9913-5C1E-86E4234AC3CF</UniqueIdentifier>
    </Filter>
    <Filter Include="Header Files\generated\gui_generated\screenstudio_screen">
      <UniqueIdentifier>FB08897F-3CF7-4CA7-839D-74B851E1E385</UniqueIdentifier>
    </Filter>
    <Filter Include="Source Files\generated\gui_generated\screenbluetooth_screen">
      <UniqueIdentifier>74CA7C23-9BC5-3F29-F407-5A69BBED33CE</UniqueIdentifier>
    </Filter>
    <Filter Include="Header Files\generated\gui_generated\screencontrol_screen">
      <UniqueIdentifier>CD47B665-6832-A982-F04A-67D0AD33B7F8</UniqueIdentifier>
    </Filter>
    <Filter Include="Header Files\generated\gui_generated\screenlanguage_screen">
      <UniqueIdentifier>EFD45EB3-8CA9-C201-D161-C10F5AC2C452</UniqueIdentifier>
    </Filter>
    <Filter Include="Source Files\generated\gui_generated\screendmx_screen">
      <UniqueIdentifier>72EF5866-42A9-4BD2-18F9-987B9BD4C3EE</UniqueIdentifier>
    </Filter>
    <Filter Include="Source Files\generated\gui_generated\screenlanguage_screen">
      <UniqueIdentifier>73147295-D06A-4DDA-7803-551D45089A91</UniqueIdentifier>
    </Filter>
    <Filter Include="Source Files\generated\gui_generated\screencontrol_screen">
      <UniqueIdentifier>D3CDF150-001D-F3B8-74A3-1BFCC6C15835</UniqueIdentifier>
    </Filter>
    <Filter Include="Header Files\generated\gui_generated\screendmx_screen">
      <UniqueIdentifier>6F380E0A-7EDD-8568-C00F-BD30FA0FAAA9</UniqueIdentifier>
    </Filter>
    <Filter Include="Source Files\generated\gui_generated\screenupdate_screen">
      <UniqueIdentifier>CC0B3BDF-346A-DDF4-43F0-5C20B47FA174</UniqueIdentifier>
    </Filter>
    <Filter Include="Header Files\generated\gui_generated\screenbluetooth_screen">
      <UniqueIdentifier>F95D5CDD-8C6C-3F16-0350-599760C8F7FC</UniqueIdentifier>
    </Filter>
    <Filter Include="Header Files\generated\gui_generated\screenupdate_screen">
      <UniqueIdentifier>82912435-0DB5-328C-F4B6-55FECA375202</UniqueIdentifier>
    </Filter>
    <Filter Include="Header Files\generated\gui_generated\screenfan_screen">
      <UniqueIdentifier>990EC6A1-1844-DF16-BF27-5E0E4D4FF337</UniqueIdentifier>
    </Filter>
    <Filter Include="Source Files\generated\gui_generated\screenfan_screen">
      <UniqueIdentifier>04F7C71A-7658-925D-DC91-27ECB20519C6</UniqueIdentifier>
    </Filter>
  </ItemGroup>
  <ItemGroup>
    <ClCompile Include="$(TouchGFXReleasePath)\framework\source\platform\driver\touch\SDL2TouchController.cpp">
      <Filter>Source Files\TouchGFX\platform\driver\touch</Filter>
    </ClCompile>
    <ClCompile Include="$(TouchGFXReleasePath)\framework\source\platform\hal\simulator\sdl2\HALSDL2.cpp">
      <Filter>Source Files\TouchGFX\platform\hal\simulator\sdl2</Filter>
    </ClCompile>
    <ClCompile Include="$(TouchGFXReleasePath)\framework\source\platform\hal\simulator\sdl2\HALSDL2_icon.cpp">
      <Filter>Source Files\TouchGFX\platform\hal\simulator\sdl2</Filter>
    </ClCompile>
    <ClCompile Include="$(TouchGFXReleasePath)\framework\source\platform\hal\simulator\sdl2\OSWrappers.cpp">
      <Filter>Source Files\TouchGFX\platform\hal\simulator\sdl2</Filter>
    </ClCompile>
    <ClCompile Include="$(ApplicationRoot)\simulator\main.cpp">
      <Filter>Source Files\simulator</Filter>
    </ClCompile>
    <ClCompile Include="$(ApplicationRoot)\generated\simulator\src\mainBase.cpp">
      <Filter>Source Files\generated\simulator</Filter>
    </ClCompile>
    <ClCompile Include="..\..\gui\src\common\FrontendApplication.cpp">
      <Filter>Source Files\gui\common</Filter>
    </ClCompile>
    <ClCompile Include="..\..\generated\gui_generated\src\common\FrontendApplicationBase.cpp">
      <Filter>Source Files\generated\gui_generated\common</Filter>
    </ClCompile>
    <ClCompile Include="..\..\gui\src\model\Model.cpp">
      <Filter>Source Files\gui\model</Filter>
    </ClCompile>
    <ClCompile Include="..\..\generated\simulator\src\video\SoftwareMJPEGDecoder.cpp">
      <Filter>Source Files\generated\simulator\video</Filter>
    </ClCompile>
    <ClCompile Include="..\..\gui\src\screen1_screen\Screen1Presenter.cpp">
      <Filter>Source Files\gui\screen1_screen</Filter>
    </ClCompile>
    <ClCompile Include="..\..\gui\src\screen1_screen\Screen1View.cpp">
      <Filter>Source Files\gui\screen1_screen</Filter>
    </ClCompile>
    <ClCompile Include="..\..\generated\gui_generated\src\screen1_screen\Screen1ViewBase.cpp">
      <Filter>Source Files\generated\gui_generated\screen1_screen</Filter>
    </ClCompile>
    <ClCompile Include="..\..\gui\src\screenmenu_screen\ScreenMenuPresenter.cpp">
      <Filter>Source Files\gui\screenmenu_screen</Filter>
    </ClCompile>
    <ClCompile Include="..\..\gui\src\screenmenu_screen\ScreenMenuView.cpp">
      <Filter>Source Files\gui\screenmenu_screen</Filter>
    </ClCompile>
    <ClCompile Include="..\..\generated\gui_generated\src\screenmenu_screen\ScreenMenuViewBase.cpp">
      <Filter>Source Files\generated\gui_generated\screenmenu_screen</Filter>
    </ClCompile>
    <ClCompile Include="..\..\gui\src\screencurve_screen\ScreenCurvePresenter.cpp">
      <Filter>Source Files\gui\screencurve_screen</Filter>
    </ClCompile>
    <ClCompile Include="..\..\gui\src\screencurve_screen\ScreenCurveView.cpp">
      <Filter>Source Files\gui\screencurve_screen</Filter>
    </ClCompile>
    <ClCompile Include="..\..\generated\gui_generated\src\screencurve_screen\ScreenCurveViewBase.cpp">
      <Filter>Source Files\generated\gui_generated\screencurve_screen</Filter>
    </ClCompile>
    <ClCompile Include="..\..\gui\src\screeneffect_screen\ScreenEffectPresenter.cpp">
      <Filter>Source Files\gui\screeneffect_screen</Filter>
    </ClCompile>
    <ClCompile Include="..\..\gui\src\screeneffect_screen\ScreenEffectView.cpp">
      <Filter>Source Files\gui\screeneffect_screen</Filter>
    </ClCompile>
    <ClCompile Include="..\..\generated\gui_generated\src\screeneffect_screen\ScreenEffectViewBase.cpp">
      <Filter>Source Files\generated\gui_generated\screeneffect_screen</Filter>
    </ClCompile>
    <ClCompile Include="..\..\gui\src\screeneffectset_screen\ScreenEffectSetPresenter.cpp">
      <Filter>Source Files\gui\screeneffectset_screen</Filter>
    </ClCompile>
    <ClCompile Include="..\..\gui\src\screeneffectset_screen\ScreenEffectSetView.cpp">
      <Filter>Source Files\gui\screeneffectset_screen</Filter>
    </ClCompile>
    <ClCompile Include="..\..\generated\gui_generated\src\screeneffectset_screen\ScreenEffectSetViewBase.cpp">
      <Filter>Source Files\generated\gui_generated\screeneffectset_screen</Filter>
    </ClCompile>
    <ClCompile Include="..\..\gui\src\screenbluetooth_screen\ScreenBluetoothPresenter.cpp">
      <Filter>Source Files\gui\screenbluetooth_screen</Filter>
    </ClCompile>
    <ClCompile Include="..\..\gui\src\screenbluetooth_screen\ScreenBluetoothView.cpp">
      <Filter>Source Files\gui\screenbluetooth_screen</Filter>
    </ClCompile>
    <ClCompile Include="..\..\generated\gui_generated\src\screenbluetooth_screen\ScreenBluetoothViewBase.cpp">
      <Filter>Source Files\generated\gui_generated\screenbluetooth_screen</Filter>
    </ClCompile>
    <ClCompile Include="..\..\gui\src\screencontrol_screen\ScreenControlPresenter.cpp">
      <Filter>Source Files\gui\screencontrol_screen</Filter>
    </ClCompile>
    <ClCompile Include="..\..\gui\src\screencontrol_screen\ScreenControlView.cpp">
      <Filter>Source Files\gui\screencontrol_screen</Filter>
    </ClCompile>
    <ClCompile Include="..\..\generated\gui_generated\src\screencontrol_screen\ScreenControlViewBase.cpp">
      <Filter>Source Files\generated\gui_generated\screencontrol_screen</Filter>
    </ClCompile>
    <ClCompile Include="..\..\gui\src\screendmx_screen\ScreenDMXPresenter.cpp">
      <Filter>Source Files\gui\screendmx_screen</Filter>
    </ClCompile>
    <ClCompile Include="..\..\gui\src\screendmx_screen\ScreenDMXView.cpp">
      <Filter>Source Files\gui\screendmx_screen</Filter>
    </ClCompile>
    <ClCompile Include="..\..\generated\gui_generated\src\screendmx_screen\ScreenDMXViewBase.cpp">
      <Filter>Source Files\generated\gui_generated\screendmx_screen</Filter>
    </ClCompile>
    <ClCompile Include="..\..\gui\src\screenfan_screen\ScreenFanPresenter.cpp">
      <Filter>Source Files\gui\screenfan_screen</Filter>
    </ClCompile>
    <ClCompile Include="..\..\gui\src\screenfan_screen\ScreenFanView.cpp">
      <Filter>Source Files\gui\screenfan_screen</Filter>
    </ClCompile>
    <ClCompile Include="..\..\generated\gui_generated\src\screenfan_screen\ScreenFanViewBase.cpp">
      <Filter>Source Files\generated\gui_generated\screenfan_screen</Filter>
    </ClCompile>
    <ClCompile Include="..\..\gui\src\screenlanguage_screen\ScreenLanguagePresenter.cpp">
      <Filter>Source Files\gui\screenlanguage_screen</Filter>
    </ClCompile>
    <ClCompile Include="..\..\gui\src\screenlanguage_screen\ScreenLanguageView.cpp">
      <Filter>Source Files\gui\screenlanguage_screen</Filter>
    </ClCompile>
    <ClCompile Include="..\..\generated\gui_generated\src\screenlanguage_screen\ScreenLanguageViewBase.cpp">
      <Filter>Source Files\generated\gui_generated\screenlanguage_screen</Filter>
    </ClCompile>
    <ClCompile Include="..\..\gui\src\screenstudio_screen\ScreenStudioPresenter.cpp">
      <Filter>Source Files\gui\screenstudio_screen</Filter>
    </ClCompile>
    <ClCompile Include="..\..\gui\src\screenstudio_screen\ScreenStudioView.cpp">
      <Filter>Source Files\gui\screenstudio_screen</Filter>
    </ClCompile>
    <ClCompile Include="..\..\generated\gui_generated\src\screenstudio_screen\ScreenStudioViewBase.cpp">
      <Filter>Source Files\generated\gui_generated\screenstudio_screen</Filter>
    </ClCompile>
    <ClCompile Include="..\..\gui\src\screenupdate_screen\ScreenUpdatePresenter.cpp">
      <Filter>Source Files\gui\screenupdate_screen</Filter>
    </ClCompile>
    <ClCompile Include="..\..\gui\src\screenupdate_screen\ScreenUpdateView.cpp">
      <Filter>Source Files\gui\screenupdate_screen</Filter>
    </ClCompile>
    <ClCompile Include="..\..\generated\gui_generated\src\screenupdate_screen\ScreenUpdateViewBase.cpp">
      <Filter>Source Files\generated\gui_generated\screenupdate_screen</Filter>
    </ClCompile>
  </ItemGroup>
  <ItemGroup>
    <None Include="$(ApplicationRoot)\assets\texts\texts.xml">
      <Filter>Resource Files\assets\texts</Filter>
    </None>
    <None Include="$(ApplicationRoot)\config\msvs\Application.props">
      <Filter>Resource Files\config\msvs</Filter>
    </None>
  </ItemGroup>
  <ItemGroup>
    <ClInclude Include="$(TouchGFXReleasePath)\framework\include\common\AbstractPartition.hpp">
      <Filter>Header Files\TouchGFX\common</Filter>
    </ClInclude>
    <ClInclude Include="$(TouchGFXReleasePath)\framework\include\common\Meta.hpp">
      <Filter>Header Files\TouchGFX\common</Filter>
    </ClInclude>
    <ClInclude Include="$(TouchGFXReleasePath)\framework\include\common\Partition.hpp">
      <Filter>Header Files\TouchGFX\common</Filter>
    </ClInclude>
    <ClInclude Include="$(TouchGFXReleasePath)\framework\include\common\TouchGFXInit.hpp">
      <Filter>Header Files\TouchGFX\common</Filter>
    </ClInclude>
    <ClInclude Include="$(TouchGFXReleasePath)\framework\include\mvp\MVPApplication.hpp">
      <Filter>Header Files\TouchGFX\mvp</Filter>
    </ClInclude>
    <ClInclude Include="$(TouchGFXReleasePath)\framework\include\mvp\MVPHeap.hpp">
      <Filter>Header Files\TouchGFX\mvp</Filter>
    </ClInclude>
    <ClInclude Include="$(TouchGFXReleasePath)\framework\include\mvp\Presenter.hpp">
      <Filter>Header Files\TouchGFX\mvp</Filter>
    </ClInclude>
    <ClInclude Include="$(TouchGFXReleasePath)\framework\include\mvp\View.hpp">
      <Filter>Header Files\TouchGFX\mvp</Filter>
    </ClInclude>
    <ClInclude Include="$(TouchGFXReleasePath)\framework\include\platform\driver\lcd\LCD16bpp.hpp">
      <Filter>Header Files\TouchGFX\platform\driver\lcd</Filter>
    </ClInclude>
    <ClInclude Include="$(TouchGFXReleasePath)\framework\include\platform\driver\lcd\LCD1bpp.hpp">
      <Filter>Header Files\TouchGFX\platform\driver\lcd</Filter>
    </ClInclude>
    <ClInclude Include="$(TouchGFXReleasePath)\framework\include\platform\driver\lcd\LCD24bpp.hpp">
      <Filter>Header Files\TouchGFX\platform\driver\lcd</Filter>
    </ClInclude>
    <ClInclude Include="$(TouchGFXReleasePath)\framework\include\platform\driver\lcd\LCD2bpp.hpp">
      <Filter>Header Files\TouchGFX\platform\driver\lcd</Filter>
    </ClInclude>
    <ClInclude Include="$(TouchGFXReleasePath)\framework\include\platform\driver\lcd\LCD4bpp.hpp">
      <Filter>Header Files\TouchGFX\platform\driver\lcd</Filter>
    </ClInclude>
    <ClInclude Include="$(TouchGFXReleasePath)\framework\include\platform\driver\touch\SDL2TouchController.hpp">
      <Filter>Header Files\TouchGFX\platform\driver\touch</Filter>
    </ClInclude>
    <ClInclude Include="$(TouchGFXReleasePath)\framework\include\platform\hal\simulator\sdl2\HALSDL2.hpp">
      <Filter>Header Files\TouchGFX\platform\hal\simulator\sdl2</Filter>
    </ClInclude>
    <ClInclude Include="$(TouchGFXReleasePath)\framework\include\touchgfx\Application.hpp">
      <Filter>Header Files\TouchGFX\touchgfx</Filter>
    </ClInclude>
    <ClInclude Include="$(TouchGFXReleasePath)\framework\include\touchgfx\Bitmap.hpp">
      <Filter>Header Files\TouchGFX\touchgfx</Filter>
    </ClInclude>
    <ClInclude Include="$(TouchGFXReleasePath)\framework\include\touchgfx\Callback.hpp">
      <Filter>Header Files\TouchGFX\touchgfx</Filter>
    </ClInclude>
    <ClInclude Include="$(TouchGFXReleasePath)\framework\include\touchgfx\canvas_widget_renderer\CanvasWidgetRenderer.hpp">
      <Filter>Header Files\TouchGFX\touchgfx\canvas_widget_renderer</Filter>
    </ClInclude>
    <ClInclude Include="$(TouchGFXReleasePath)\framework\include\touchgfx\canvas_widget_renderer\Cell.hpp">
      <Filter>Header Files\TouchGFX\touchgfx\canvas_widget_renderer</Filter>
    </ClInclude>
    <ClInclude Include="$(TouchGFXReleasePath)\framework\include\touchgfx\canvas_widget_renderer\Outline.hpp">
      <Filter>Header Files\TouchGFX\touchgfx\canvas_widget_renderer</Filter>
    </ClInclude>
    <ClInclude Include="$(TouchGFXReleasePath)\framework\include\touchgfx\canvas_widget_renderer\Rasterizer.hpp">
      <Filter>Header Files\TouchGFX\touchgfx\canvas_widget_renderer</Filter>
    </ClInclude>
    <ClInclude Include="$(TouchGFXReleasePath)\framework\include\touchgfx\canvas_widget_renderer\Renderer.hpp">
      <Filter>Header Files\TouchGFX\touchgfx\canvas_widget_renderer</Filter>
    </ClInclude>
    <ClInclude Include="$(TouchGFXReleasePath)\framework\include\touchgfx\canvas_widget_renderer\RenderingBuffer.hpp">
      <Filter>Header Files\TouchGFX\touchgfx\canvas_widget_renderer</Filter>
    </ClInclude>
    <ClInclude Include="$(TouchGFXReleasePath)\framework\include\touchgfx\canvas_widget_renderer\RGBA8.hpp">
      <Filter>Header Files\TouchGFX\touchgfx\canvas_widget_renderer</Filter>
    </ClInclude>
    <ClInclude Include="$(TouchGFXReleasePath)\framework\include\touchgfx\canvas_widget_renderer\Scanline.hpp">
      <Filter>Header Files\TouchGFX\touchgfx\canvas_widget_renderer</Filter>
    </ClInclude>
    <ClInclude Include="$(TouchGFXReleasePath)\framework\include\touchgfx\Color.hpp">
      <Filter>Header Files\TouchGFX\touchgfx</Filter>
    </ClInclude>
    <ClInclude Include="$(TouchGFXReleasePath)\framework\include\touchgfx\ConstFont.hpp">
      <Filter>Header Files\TouchGFX\touchgfx</Filter>
    </ClInclude>
    <ClInclude Include="$(TouchGFXReleasePath)\framework\include\touchgfx\containers\clock\AbstractClock.hpp">
      <Filter>Header Files\TouchGFX\touchgfx\containers\clock</Filter>
    </ClInclude>
    <ClInclude Include="$(TouchGFXReleasePath)\framework\include\touchgfx\containers\clock\AnalogClock.hpp">
      <Filter>Header Files\TouchGFX\touchgfx\containers\clock</Filter>
    </ClInclude>
    <ClInclude Include="$(TouchGFXReleasePath)\framework\include\touchgfx\containers\clock\DigitalClock.hpp">
      <Filter>Header Files\TouchGFX\touchgfx\containers\clock</Filter>
    </ClInclude>
    <ClInclude Include="$(TouchGFXReleasePath)\framework\include\touchgfx\containers\Container.hpp">
      <Filter>Header Files\TouchGFX\touchgfx\containers</Filter>
    </ClInclude>
    <ClInclude Include="$(TouchGFXReleasePath)\framework\include\touchgfx\containers\ListLayout.hpp">
      <Filter>Header Files\TouchGFX\touchgfx\containers</Filter>
    </ClInclude>
    <ClInclude Include="$(TouchGFXReleasePath)\framework\include\touchgfx\containers\ModalWindow.hpp">
      <Filter>Header Files\TouchGFX\touchgfx\containers</Filter>
    </ClInclude>
    <ClInclude Include="$(TouchGFXReleasePath)\framework\include\touchgfx\containers\progress_indicators\AbstractDirectionProgress.hpp">
      <Filter>Header Files\TouchGFX\touchgfx\containers\progress_indicators</Filter>
    </ClInclude>
    <ClInclude Include="$(TouchGFXReleasePath)\framework\include\touchgfx\containers\progress_indicators\AbstractProgressIndicator.hpp">
      <Filter>Header Files\TouchGFX\touchgfx\containers\progress_indicators</Filter>
    </ClInclude>
    <ClInclude Include="$(TouchGFXReleasePath)\framework\include\touchgfx\containers\progress_indicators\BoxProgress.hpp">
      <Filter>Header Files\TouchGFX\touchgfx\containers\progress_indicators</Filter>
    </ClInclude>
    <ClInclude Include="$(TouchGFXReleasePath)\framework\include\touchgfx\containers\progress_indicators\CircleProgress.hpp">
      <Filter>Header Files\TouchGFX\touchgfx\containers\progress_indicators</Filter>
    </ClInclude>
    <ClInclude Include="$(TouchGFXReleasePath)\framework\include\touchgfx\containers\progress_indicators\ImageProgress.hpp">
      <Filter>Header Files\TouchGFX\touchgfx\containers\progress_indicators</Filter>
    </ClInclude>
    <ClInclude Include="$(TouchGFXReleasePath)\framework\include\touchgfx\containers\progress_indicators\LineProgress.hpp">
      <Filter>Header Files\TouchGFX\touchgfx\containers\progress_indicators</Filter>
    </ClInclude>
    <ClInclude Include="$(TouchGFXReleasePath)\framework\include\touchgfx\containers\progress_indicators\TextProgress.hpp">
      <Filter>Header Files\TouchGFX\touchgfx\containers\progress_indicators</Filter>
    </ClInclude>
    <ClInclude Include="$(TouchGFXReleasePath)\framework\include\touchgfx\containers\ScrollableContainer.hpp">
      <Filter>Header Files\TouchGFX\touchgfx\containers</Filter>
    </ClInclude>
    <ClInclude Include="$(TouchGFXReleasePath)\framework\include\touchgfx\containers\SlideMenu.hpp">
      <Filter>Header Files\TouchGFX\touchgfx\containers</Filter>
    </ClInclude>
    <ClInclude Include="$(TouchGFXReleasePath)\framework\include\touchgfx\containers\Slider.hpp">
      <Filter>Header Files\TouchGFX\touchgfx\containers</Filter>
    </ClInclude>
    <ClInclude Include="$(TouchGFXReleasePath)\framework\include\touchgfx\containers\ZoomAnimationImage.hpp">
      <Filter>Header Files\TouchGFX\touchgfx\containers</Filter>
    </ClInclude>
    <ClInclude Include="$(TouchGFXReleasePath)\framework\include\touchgfx\Drawable.hpp">
      <Filter>Header Files\TouchGFX\touchgfx</Filter>
    </ClInclude>
    <ClInclude Include="$(TouchGFXReleasePath)\framework\include\touchgfx\EasingEquations.hpp">
      <Filter>Header Files\TouchGFX\touchgfx</Filter>
    </ClInclude>
    <ClInclude Include="$(TouchGFXReleasePath)\framework\include\touchgfx\Event.hpp">
      <Filter>Header Files\TouchGFX\touchgfx</Filter>
    </ClInclude>
    <ClInclude Include="$(TouchGFXReleasePath)\framework\include\touchgfx\events\ClickEvent.hpp">
      <Filter>Header Files\TouchGFX\touchgfx\events</Filter>
    </ClInclude>
    <ClInclude Include="$(TouchGFXReleasePath)\framework\include\touchgfx\events\DragEvent.hpp">
      <Filter>Header Files\TouchGFX\touchgfx\events</Filter>
    </ClInclude>
    <ClInclude Include="$(TouchGFXReleasePath)\framework\include\touchgfx\events\GestureEvent.hpp">
      <Filter>Header Files\TouchGFX\touchgfx\events</Filter>
    </ClInclude>
    <ClInclude Include="$(TouchGFXReleasePath)\framework\include\touchgfx\Font.hpp">
      <Filter>Header Files\TouchGFX\touchgfx</Filter>
    </ClInclude>
    <ClInclude Include="$(TouchGFXReleasePath)\framework\include\touchgfx\FontManager.hpp">
      <Filter>Header Files\TouchGFX\touchgfx</Filter>
    </ClInclude>
    <ClInclude Include="$(TouchGFXReleasePath)\framework\include\touchgfx\hal\Atomic.hpp">
      <Filter>Header Files\TouchGFX\touchgfx\hal</Filter>
    </ClInclude>
    <ClInclude Include="$(TouchGFXReleasePath)\framework\include\touchgfx\hal\BlitOp.hpp">
      <Filter>Header Files\TouchGFX\touchgfx\hal</Filter>
    </ClInclude>
    <ClInclude Include="$(TouchGFXReleasePath)\framework\include\touchgfx\hal\BoardConfiguration.hpp">
      <Filter>Header Files\TouchGFX\touchgfx\hal</Filter>
    </ClInclude>
    <ClInclude Include="$(TouchGFXReleasePath)\framework\include\touchgfx\hal\Buttons.hpp">
      <Filter>Header Files\TouchGFX\touchgfx\hal</Filter>
    </ClInclude>
    <ClInclude Include="$(TouchGFXReleasePath)\framework\include\touchgfx\hal\Config.hpp">
      <Filter>Header Files\TouchGFX\touchgfx\hal</Filter>
    </ClInclude>
    <ClInclude Include="$(TouchGFXReleasePath)\framework\include\touchgfx\hal\DMA.hpp">
      <Filter>Header Files\TouchGFX\touchgfx\hal</Filter>
    </ClInclude>
    <ClInclude Include="$(TouchGFXReleasePath)\framework\include\touchgfx\hal\Gestures.hpp">
      <Filter>Header Files\TouchGFX\touchgfx\hal</Filter>
    </ClInclude>
    <ClInclude Include="$(TouchGFXReleasePath)\framework\include\touchgfx\hal\GPIO.hpp">
      <Filter>Header Files\TouchGFX\touchgfx\hal</Filter>
    </ClInclude>
    <ClInclude Include="$(TouchGFXReleasePath)\framework\include\touchgfx\hal\HAL.hpp">
      <Filter>Header Files\TouchGFX\touchgfx\hal</Filter>
    </ClInclude>
    <ClInclude Include="$(TouchGFXReleasePath)\framework\include\touchgfx\hal\LED.hpp">
      <Filter>Header Files\TouchGFX\touchgfx\hal</Filter>
    </ClInclude>
    <ClInclude Include="$(TouchGFXReleasePath)\framework\include\touchgfx\hal\NoDMA.hpp">
      <Filter>Header Files\TouchGFX\touchgfx\hal</Filter>
    </ClInclude>
    <ClInclude Include="$(TouchGFXReleasePath)\framework\include\touchgfx\hal\OSWrappers.hpp">
      <Filter>Header Files\TouchGFX\touchgfx\hal</Filter>
    </ClInclude>
    <ClInclude Include="$(TouchGFXReleasePath)\framework\include\touchgfx\hal\Types.hpp">
      <Filter>Header Files\TouchGFX\touchgfx\hal</Filter>
    </ClInclude>
    <ClInclude Include="$(TouchGFXReleasePath)\framework\include\touchgfx\InternalFlashFont.hpp">
      <Filter>Header Files\TouchGFX\touchgfx</Filter>
    </ClInclude>
    <ClInclude Include="$(TouchGFXReleasePath)\framework\include\touchgfx\JSMOCHelper.hpp">
      <Filter>Header Files\TouchGFX\touchgfx</Filter>
    </ClInclude>
    <ClInclude Include="$(TouchGFXReleasePath)\framework\include\touchgfx\lcd\LCD.hpp">
      <Filter>Header Files\TouchGFX\touchgfx\lcd</Filter>
    </ClInclude>
    <ClInclude Include="$(TouchGFXReleasePath)\framework\include\touchgfx\Math3D.hpp">
      <Filter>Header Files\TouchGFX\touchgfx</Filter>
    </ClInclude>
    <ClInclude Include="$(TouchGFXReleasePath)\framework\include\touchgfx\mixins\ClickListener.hpp">
      <Filter>Header Files\TouchGFX\touchgfx\mixins</Filter>
    </ClInclude>
    <ClInclude Include="$(TouchGFXReleasePath)\framework\include\touchgfx\mixins\Draggable.hpp">
      <Filter>Header Files\TouchGFX\touchgfx\mixins</Filter>
    </ClInclude>
    <ClInclude Include="$(TouchGFXReleasePath)\framework\include\touchgfx\mixins\FadeAnimator.hpp">
      <Filter>Header Files\TouchGFX\touchgfx\mixins</Filter>
    </ClInclude>
    <ClInclude Include="$(TouchGFXReleasePath)\framework\include\touchgfx\mixins\MoveAnimator.hpp">
      <Filter>Header Files\TouchGFX\touchgfx\mixins</Filter>
    </ClInclude>
    <ClInclude Include="$(TouchGFXReleasePath)\framework\include\touchgfx\mixins\PreRenderable.hpp">
      <Filter>Header Files\TouchGFX\touchgfx\mixins</Filter>
    </ClInclude>
    <ClInclude Include="$(TouchGFXReleasePath)\framework\include\touchgfx\mixins\Snapper.hpp">
      <Filter>Header Files\TouchGFX\touchgfx\mixins</Filter>
    </ClInclude>
    <ClInclude Include="$(TouchGFXReleasePath)\framework\include\touchgfx\Screen.hpp">
      <Filter>Header Files\TouchGFX\touchgfx</Filter>
    </ClInclude>
    <ClInclude Include="$(TouchGFXReleasePath)\framework\include\touchgfx\TextProvider.hpp">
      <Filter>Header Files\TouchGFX\touchgfx</Filter>
    </ClInclude>
    <ClInclude Include="$(TouchGFXReleasePath)\framework\include\touchgfx\Texts.hpp">
      <Filter>Header Files\TouchGFX\touchgfx</Filter>
    </ClInclude>
    <ClInclude Include="$(TouchGFXReleasePath)\framework\include\touchgfx\TextureMapTypes.hpp">
      <Filter>Header Files\TouchGFX\touchgfx</Filter>
    </ClInclude>
    <ClInclude Include="$(TouchGFXReleasePath)\framework\include\touchgfx\transforms\DisplayTransformation.hpp">
      <Filter>Header Files\TouchGFX\touchgfx\transforms</Filter>
    </ClInclude>
    <ClInclude Include="$(TouchGFXReleasePath)\framework\include\touchgfx\transforms\TouchCalibration.hpp">
      <Filter>Header Files\TouchGFX\touchgfx\transforms</Filter>
    </ClInclude>
    <ClInclude Include="$(TouchGFXReleasePath)\framework\include\touchgfx\transitions\NoTransition.hpp">
      <Filter>Header Files\TouchGFX\touchgfx\transitions</Filter>
    </ClInclude>
    <ClInclude Include="$(TouchGFXReleasePath)\framework\include\touchgfx\transitions\SlideTransition.hpp">
      <Filter>Header Files\TouchGFX\touchgfx\transitions</Filter>
    </ClInclude>
    <ClInclude Include="$(TouchGFXReleasePath)\framework\include\touchgfx\transitions\Transition.hpp">
      <Filter>Header Files\TouchGFX\touchgfx\transitions</Filter>
    </ClInclude>
    <ClInclude Include="$(TouchGFXReleasePath)\framework\include\touchgfx\TypedText.hpp">
      <Filter>Header Files\TouchGFX\touchgfx</Filter>
    </ClInclude>
    <ClInclude Include="$(TouchGFXReleasePath)\framework\include\touchgfx\UIEventListener.hpp">
      <Filter>Header Files\TouchGFX\touchgfx</Filter>
    </ClInclude>
    <ClInclude Include="$(TouchGFXReleasePath)\framework\include\touchgfx\Unicode.hpp">
      <Filter>Header Files\TouchGFX\touchgfx</Filter>
    </ClInclude>
    <ClInclude Include="$(TouchGFXReleasePath)\framework\include\touchgfx\Utils.hpp">
      <Filter>Header Files\TouchGFX\touchgfx</Filter>
    </ClInclude>
    <ClInclude Include="$(TouchGFXReleasePath)\framework\include\touchgfx\widgets\AbstractButton.hpp">
      <Filter>Header Files\TouchGFX\touchgfx\widgets</Filter>
    </ClInclude>
    <ClInclude Include="$(TouchGFXReleasePath)\framework\include\touchgfx\widgets\AnimatedImage.hpp">
      <Filter>Header Files\TouchGFX\touchgfx\widgets</Filter>
    </ClInclude>
    <ClInclude Include="$(TouchGFXReleasePath)\framework\include\touchgfx\widgets\AnimationTextureMapper.hpp">
      <Filter>Header Files\TouchGFX\touchgfx\widgets</Filter>
    </ClInclude>
    <ClInclude Include="$(TouchGFXReleasePath)\framework\include\touchgfx\widgets\Box.hpp">
      <Filter>Header Files\TouchGFX\touchgfx\widgets</Filter>
    </ClInclude>
    <ClInclude Include="$(TouchGFXReleasePath)\framework\include\touchgfx\widgets\Button.hpp">
      <Filter>Header Files\TouchGFX\touchgfx\widgets</Filter>
    </ClInclude>
    <ClInclude Include="$(TouchGFXReleasePath)\framework\include\touchgfx\widgets\ButtonWithIcon.hpp">
      <Filter>Header Files\TouchGFX\touchgfx\widgets</Filter>
    </ClInclude>
    <ClInclude Include="$(TouchGFXReleasePath)\framework\include\touchgfx\widgets\ButtonWithLabel.hpp">
      <Filter>Header Files\TouchGFX\touchgfx\widgets</Filter>
    </ClInclude>
    <ClInclude Include="$(TouchGFXReleasePath)\framework\include\touchgfx\widgets\canvas\AbstractPainter.hpp">
      <Filter>Header Files\TouchGFX\touchgfx\widgets\canvas</Filter>
    </ClInclude>
    <ClInclude Include="$(TouchGFXReleasePath)\framework\include\touchgfx\widgets\canvas\AbstractPainterBW.hpp">
      <Filter>Header Files\TouchGFX\touchgfx\widgets\canvas</Filter>
    </ClInclude>
    <ClInclude Include="$(TouchGFXReleasePath)\framework\include\touchgfx\widgets\canvas\AbstractPainterGRAY2.hpp">
      <Filter>Header Files\TouchGFX\touchgfx\widgets\canvas</Filter>
    </ClInclude>
    <ClInclude Include="$(TouchGFXReleasePath)\framework\include\touchgfx\widgets\canvas\AbstractPainterGRAY4.hpp">
      <Filter>Header Files\TouchGFX\touchgfx\widgets\canvas</Filter>
    </ClInclude>
    <ClInclude Include="$(TouchGFXReleasePath)\framework\include\touchgfx\widgets\canvas\AbstractPainterRGB565.hpp">
      <Filter>Header Files\TouchGFX\touchgfx\widgets\canvas</Filter>
    </ClInclude>
    <ClInclude Include="$(TouchGFXReleasePath)\framework\include\touchgfx\widgets\canvas\AbstractPainterRGB888.hpp">
      <Filter>Header Files\TouchGFX\touchgfx\widgets\canvas</Filter>
    </ClInclude>
    <ClInclude Include="$(TouchGFXReleasePath)\framework\include\touchgfx\widgets\canvas\AbstractShape.hpp">
      <Filter>Header Files\TouchGFX\touchgfx\widgets\canvas</Filter>
    </ClInclude>
    <ClInclude Include="$(TouchGFXReleasePath)\framework\include\touchgfx\widgets\canvas\Canvas.hpp">
      <Filter>Header Files\TouchGFX\touchgfx\widgets\canvas</Filter>
    </ClInclude>
    <ClInclude Include="$(TouchGFXReleasePath)\framework\include\touchgfx\widgets\canvas\CanvasWidget.hpp">
      <Filter>Header Files\TouchGFX\touchgfx\widgets\canvas</Filter>
    </ClInclude>
    <ClInclude Include="$(TouchGFXReleasePath)\framework\include\touchgfx\widgets\canvas\Circle.hpp">
      <Filter>Header Files\TouchGFX\touchgfx\widgets\canvas</Filter>
    </ClInclude>
    <ClInclude Include="$(TouchGFXReleasePath)\framework\include\touchgfx\widgets\canvas\CWRUtil.hpp">
      <Filter>Header Files\TouchGFX\touchgfx\widgets\canvas</Filter>
    </ClInclude>
    <ClInclude Include="$(TouchGFXReleasePath)\framework\include\touchgfx\widgets\canvas\Line.hpp">
      <Filter>Header Files\TouchGFX\touchgfx\widgets\canvas</Filter>
    </ClInclude>
    <ClInclude Include="$(TouchGFXReleasePath)\framework\include\touchgfx\widgets\canvas\PainterBW.hpp">
      <Filter>Header Files\TouchGFX\touchgfx\widgets\canvas</Filter>
    </ClInclude>
    <ClInclude Include="$(TouchGFXReleasePath)\framework\include\touchgfx\widgets\canvas\PainterGRAY2.hpp">
      <Filter>Header Files\TouchGFX\touchgfx\widgets\canvas</Filter>
    </ClInclude>
    <ClInclude Include="$(TouchGFXReleasePath)\framework\include\touchgfx\widgets\canvas\PainterGRAY2Bitmap.hpp">
      <Filter>Header Files\TouchGFX\touchgfx\widgets\canvas</Filter>
    </ClInclude>
    <ClInclude Include="$(TouchGFXReleasePath)\framework\include\touchgfx\widgets\canvas\PainterGRAY4.hpp">
      <Filter>Header Files\TouchGFX\touchgfx\widgets\canvas</Filter>
    </ClInclude>
    <ClInclude Include="$(TouchGFXReleasePath)\framework\include\touchgfx\widgets\canvas\PainterGRAY4Bitmap.hpp">
      <Filter>Header Files\TouchGFX\touchgfx\widgets\canvas</Filter>
    </ClInclude>
    <ClInclude Include="$(TouchGFXReleasePath)\framework\include\touchgfx\widgets\canvas\PainterRGB565.hpp">
      <Filter>Header Files\TouchGFX\touchgfx\widgets\canvas</Filter>
    </ClInclude>
    <ClInclude Include="$(TouchGFXReleasePath)\framework\include\touchgfx\widgets\canvas\PainterRGB565Bitmap.hpp">
      <Filter>Header Files\TouchGFX\touchgfx\widgets\canvas</Filter>
    </ClInclude>
    <ClInclude Include="$(TouchGFXReleasePath)\framework\include\touchgfx\widgets\canvas\PainterRGB888.hpp">
      <Filter>Header Files\TouchGFX\touchgfx\widgets\canvas</Filter>
    </ClInclude>
    <ClInclude Include="$(TouchGFXReleasePath)\framework\include\touchgfx\widgets\canvas\PainterRGB888Bitmap.hpp">
      <Filter>Header Files\TouchGFX\touchgfx\widgets\canvas</Filter>
    </ClInclude>
    <ClInclude Include="$(TouchGFXReleasePath)\framework\include\touchgfx\widgets\canvas\Shape.hpp">
      <Filter>Header Files\TouchGFX\touchgfx\widgets\canvas</Filter>
    </ClInclude>
    <ClInclude Include="$(TouchGFXReleasePath)\framework\include\touchgfx\widgets\Image.hpp">
      <Filter>Header Files\TouchGFX\touchgfx\widgets</Filter>
    </ClInclude>
    <ClInclude Include="$(TouchGFXReleasePath)\framework\include\touchgfx\widgets\Keyboard.hpp">
      <Filter>Header Files\TouchGFX\touchgfx\widgets</Filter>
    </ClInclude>
    <ClInclude Include="$(TouchGFXReleasePath)\framework\include\touchgfx\widgets\PixelDataWidget.hpp">
      <Filter>Header Files\TouchGFX\touchgfx\widgets</Filter>
    </ClInclude>
    <ClInclude Include="$(TouchGFXReleasePath)\framework\include\touchgfx\widgets\RadioButton.hpp">
      <Filter>Header Files\TouchGFX\touchgfx\widgets</Filter>
    </ClInclude>
    <ClInclude Include="$(TouchGFXReleasePath)\framework\include\touchgfx\widgets\RadioButtonGroup.hpp">
      <Filter>Header Files\TouchGFX\touchgfx\widgets</Filter>
    </ClInclude>
    <ClInclude Include="$(TouchGFXReleasePath)\framework\include\touchgfx\widgets\RepeatButton.hpp">
      <Filter>Header Files\TouchGFX\touchgfx\widgets</Filter>
    </ClInclude>
    <ClInclude Include="$(TouchGFXReleasePath)\framework\include\touchgfx\widgets\ScalableImage.hpp">
      <Filter>Header Files\TouchGFX\touchgfx\widgets</Filter>
    </ClInclude>
    <ClInclude Include="$(TouchGFXReleasePath)\framework\include\touchgfx\widgets\SnapshotWidget.hpp">
      <Filter>Header Files\TouchGFX\touchgfx\widgets</Filter>
    </ClInclude>
    <ClInclude Include="$(TouchGFXReleasePath)\framework\include\touchgfx\widgets\TextArea.hpp">
      <Filter>Header Files\TouchGFX\touchgfx\widgets</Filter>
    </ClInclude>
    <ClInclude Include="$(TouchGFXReleasePath)\framework\include\touchgfx\widgets\TextAreaWithWildcard.hpp">
      <Filter>Header Files\TouchGFX\touchgfx\widgets</Filter>
    </ClInclude>
    <ClInclude Include="$(TouchGFXReleasePath)\framework\include\touchgfx\widgets\TextureMapper.hpp">
      <Filter>Header Files\TouchGFX\touchgfx\widgets</Filter>
    </ClInclude>
    <ClInclude Include="$(TouchGFXReleasePath)\framework\include\touchgfx\widgets\TiledImage.hpp">
      <Filter>Header Files\TouchGFX\touchgfx\widgets</Filter>
    </ClInclude>
    <ClInclude Include="$(TouchGFXReleasePath)\framework\include\touchgfx\widgets\ToggleButton.hpp">
      <Filter>Header Files\TouchGFX\touchgfx\widgets</Filter>
    </ClInclude>
    <ClInclude Include="$(TouchGFXReleasePath)\framework\include\touchgfx\widgets\TouchArea.hpp">
      <Filter>Header Files\TouchGFX\touchgfx\widgets</Filter>
    </ClInclude>
    <ClInclude Include="$(TouchGFXReleasePath)\framework\include\touchgfx\widgets\Widget.hpp">
      <Filter>Header Files\TouchGFX\touchgfx\widgets</Filter>
    </ClInclude>
    <ClInclude Include="$(ApplicationRoot)\generated\simulator\include\simulator\mainBase.hpp">
      <Filter>Header Files\generated\simulator</Filter>
    </ClInclude>
    <ClInclude Include="..\..\generated\simulator\include\simulator\video\DirectFrameBufferVideoController.hpp">
      <Filter>Header Files\generated\simulator\include\simulator\video</Filter>
    </ClInclude>
    <ClInclude Include="..\..\gui\include\gui\common\FrontendApplication.hpp">
      <Filter>Header Files\gui\common</Filter>
    </ClInclude>
    <ClInclude Include="..\..\generated\gui_generated\include\gui_generated\common\FrontendApplicationBase.hpp">
      <Filter>Header Files\generated\gui_generated\common</Filter>
    </ClInclude>
    <ClInclude Include="..\..\gui\include\gui\common\FrontendHeap.hpp">
      <Filter>Header Files\gui\common</Filter>
    </ClInclude>
    <ClInclude Include="..\..\generated\gui_generated\include\gui_generated\common\FrontendHeapBase.hpp">
      <Filter>Header Files\generated\gui_generated\common</Filter>
    </ClInclude>
    <ClInclude Include="..\..\generated\simulator\include\simulator\video\MJPEGDecoder.hpp">
      <Filter>Header Files\generated\simulator\include\simulator\video</Filter>
    </ClInclude>
    <ClInclude Include="..\..\gui\include\gui\model\Model.hpp">
      <Filter>Header Files\gui\model</Filter>
    </ClInclude>
    <ClInclude Include="..\..\gui\include\gui\model\ModelListener.hpp">
      <Filter>Header Files\gui\model</Filter>
    </ClInclude>
    <ClInclude Include="..\..\generated\gui_generated\include\gui_generated\common\SimConstants.hpp">
      <Filter>Header Files\generated\gui_generated\common</Filter>
    </ClInclude>
    <ClInclude Include="..\..\generated\simulator\include\simulator\video\SoftwareMJPEGDecoder.hpp">
      <Filter>Header Files\generated\simulator\include\simulator\video</Filter>
    </ClInclude>
    <ClInclude Include="..\..\gui\include\gui\screen1_screen\Screen1Presenter.hpp">
      <Filter>Header Files\gui\screen1_screen</Filter>
    </ClInclude>
    <ClInclude Include="..\..\gui\include\gui\screen1_screen\Screen1View.hpp">
      <Filter>Header Files\gui\screen1_screen</Filter>
    </ClInclude>
    <ClInclude Include="..\..\generated\gui_generated\include\gui_generated\screen1_screen\Screen1ViewBase.hpp">
      <Filter>Header Files\generated\gui_generated\screen1_screen</Filter>
    </ClInclude>
    <ClInclude Include="..\..\gui\include\gui\screenmenu_screen\ScreenMenuPresenter.hpp">
      <Filter>Header Files\gui\screenmenu_screen</Filter>
    </ClInclude>
    <ClInclude Include="..\..\gui\include\gui\screenmenu_screen\ScreenMenuView.hpp">
      <Filter>Header Files\gui\screenmenu_screen</Filter>
    </ClInclude>
    <ClInclude Include="..\..\generated\gui_generated\include\gui_generated\screenmenu_screen\ScreenMenuViewBase.hpp">
      <Filter>Header Files\generated\gui_generated\screenmenu_screen</Filter>
    </ClInclude>
    <ClInclude Include="..\..\gui\include\gui\screencurve_screen\ScreenCurvePresenter.hpp">
      <Filter>Header Files\gui\screencurve_screen</Filter>
    </ClInclude>
    <ClInclude Include="..\..\gui\include\gui\screencurve_screen\ScreenCurveView.hpp">
      <Filter>Header Files\gui\screencurve_screen</Filter>
    </ClInclude>
    <ClInclude Include="..\..\generated\gui_generated\include\gui_generated\screencurve_screen\ScreenCurveViewBase.hpp">
      <Filter>Header Files\generated\gui_generated\screencurve_screen</Filter>
    </ClInclude>
    <ClInclude Include="..\..\gui\include\gui\screeneffect_screen\ScreenEffectPresenter.hpp">
      <Filter>Header Files\gui\screeneffect_screen</Filter>
    </ClInclude>
    <ClInclude Include="..\..\gui\include\gui\screeneffect_screen\ScreenEffectView.hpp">
      <Filter>Header Files\gui\screeneffect_screen</Filter>
    </ClInclude>
    <ClInclude Include="..\..\generated\gui_generated\include\gui_generated\screeneffect_screen\ScreenEffectViewBase.hpp">
      <Filter>Header Files\generated\gui_generated\screeneffect_screen</Filter>
    </ClInclude>
    <ClInclude Include="..\..\gui\include\gui\screeneffectset_screen\ScreenEffectSetPresenter.hpp">
      <Filter>Header Files\gui\screeneffectset_screen</Filter>
    </ClInclude>
    <ClInclude Include="..\..\gui\include\gui\screeneffectset_screen\ScreenEffectSetView.hpp">
      <Filter>Header Files\gui\screeneffectset_screen</Filter>
    </ClInclude>
    <ClInclude Include="..\..\generated\gui_generated\include\gui_generated\screeneffectset_screen\ScreenEffectSetViewBase.hpp">
      <Filter>Header Files\generated\gui_generated\screeneffectset_screen</Filter>
    </ClInclude>
    <ClInclude Include="..\..\gui\include\gui\screenbluetooth_screen\ScreenBluetoothPresenter.hpp">
      <Filter>Header Files\gui\screenbluetooth_screen</Filter>
    </ClInclude>
    <ClInclude Include="..\..\gui\include\gui\screenbluetooth_screen\ScreenBluetoothView.hpp">
      <Filter>Header Files\gui\screenbluetooth_screen</Filter>
    </ClInclude>
    <ClInclude Include="..\..\generated\gui_generated\include\gui_generated\screenbluetooth_screen\ScreenBluetoothViewBase.hpp">
      <Filter>Header Files\generated\gui_generated\screenbluetooth_screen</Filter>
    </ClInclude>
    <ClInclude Include="..\..\gui\include\gui\screencontrol_screen\ScreenControlPresenter.hpp">
      <Filter>Header Files\gui\screencontrol_screen</Filter>
    </ClInclude>
    <ClInclude Include="..\..\gui\include\gui\screencontrol_screen\ScreenControlView.hpp">
      <Filter>Header Files\gui\screencontrol_screen</Filter>
    </ClInclude>
    <ClInclude Include="..\..\generated\gui_generated\include\gui_generated\screencontrol_screen\ScreenControlViewBase.hpp">
      <Filter>Header Files\generated\gui_generated\screencontrol_screen</Filter>
    </ClInclude>
    <ClInclude Include="..\..\gui\include\gui\screendmx_screen\ScreenDMXPresenter.hpp">
      <Filter>Header Files\gui\screendmx_screen</Filter>
    </ClInclude>
    <ClInclude Include="..\..\gui\include\gui\screendmx_screen\ScreenDMXView.hpp">
      <Filter>Header Files\gui\screendmx_screen</Filter>
    </ClInclude>
    <ClInclude Include="..\..\generated\gui_generated\include\gui_generated\screendmx_screen\ScreenDMXViewBase.hpp">
      <Filter>Header Files\generated\gui_generated\screendmx_screen</Filter>
    </ClInclude>
    <ClInclude Include="..\..\gui\include\gui\screenfan_screen\ScreenFanPresenter.hpp">
      <Filter>Header Files\gui\screenfan_screen</Filter>
    </ClInclude>
    <ClInclude Include="..\..\gui\include\gui\screenfan_screen\ScreenFanView.hpp">
      <Filter>Header Files\gui\screenfan_screen</Filter>
    </ClInclude>
    <ClInclude Include="..\..\generated\gui_generated\include\gui_generated\screenfan_screen\ScreenFanViewBase.hpp">
      <Filter>Header Files\generated\gui_generated\screenfan_screen</Filter>
    </ClInclude>
    <ClInclude Include="..\..\gui\include\gui\screenlanguage_screen\ScreenLanguagePresenter.hpp">
      <Filter>Header Files\gui\screenlanguage_screen</Filter>
    </ClInclude>
    <ClInclude Include="..\..\gui\include\gui\screenlanguage_screen\ScreenLanguageView.hpp">
      <Filter>Header Files\gui\screenlanguage_screen</Filter>
    </ClInclude>
    <ClInclude Include="..\..\generated\gui_generated\include\gui_generated\screenlanguage_screen\ScreenLanguageViewBase.hpp">
      <Filter>Header Files\generated\gui_generated\screenlanguage_screen</Filter>
    </ClInclude>
    <ClInclude Include="..\..\gui\include\gui\screenstudio_screen\ScreenStudioPresenter.hpp">
      <Filter>Header Files\gui\screenstudio_screen</Filter>
    </ClInclude>
    <ClInclude Include="..\..\gui\include\gui\screenstudio_screen\ScreenStudioView.hpp">
      <Filter>Header Files\gui\screenstudio_screen</Filter>
    </ClInclude>
    <ClInclude Include="..\..\generated\gui_generated\include\gui_generated\screenstudio_screen\ScreenStudioViewBase.hpp">
      <Filter>Header Files\generated\gui_generated\screenstudio_screen</Filter>
    </ClInclude>
    <ClInclude Include="..\..\gui\include\gui\screenupdate_screen\ScreenUpdatePresenter.hpp">
      <Filter>Header Files\gui\screenupdate_screen</Filter>
    </ClInclude>
    <ClInclude Include="..\..\gui\include\gui\screenupdate_screen\ScreenUpdateView.hpp">
      <Filter>Header Files\gui\screenupdate_screen</Filter>
    </ClInclude>
    <ClInclude Include="..\..\generated\gui_generated\include\gui_generated\screenupdate_screen\ScreenUpdateViewBase.hpp">
      <Filter>Header Files\generated\gui_generated\screenupdate_screen</Filter>
    </ClInclude>
  </ItemGroup>
  <ItemGroup>
    <ResourceCompile Include="$(ApplicationRoot)\generated\simulator\touchgfx.rc">
      <Filter>Resource Files</Filter>
    </ResourceCompile>
  </ItemGroup>
</Project>
